
Microsoft Visual Studio Solution File, Format Version 12.00
# Visual Studio Version 16
VisualStudioVersion = 16.0.29709.97
MinimumVisualStudioVersion = 10.0.40219.1
Project("{FAE04EC0-301F-11D3-BF4B-00C04F79EFBC}") = "09_02_20_Homework_BlogLesson42_Threads_lock", "09_02_20_Homework_BlogLesson42_Threads_lock\09_02_20_Homework_BlogLesson42_Threads_lock.csproj", "{BBBF2CA9-8EC9-4995-A065-0C6C240CA4B8}"
EndProject
Global
	GlobalSection(SolutionConfigurationPlatforms) = preSolution
		Debug|Any CPU = Debug|Any CPU
		Release|Any CPU = Release|Any CPU
	EndGlobalSection
	GlobalSection(ProjectConfigurationPlatforms) = postSolution
		{BBBF2CA9-8EC9-4995-A065-0C6C240CA4B8}.Debug|Any CPU.ActiveCfg = Debug|Any CPU
		{BBBF2CA9-8EC9-4995-A065-0C6C240CA4B8}.Debug|Any CPU.Build.0 = Debug|Any CPU
		{BBBF2CA9-8EC9-4995-A065-0C6C240CA4B8}.Release|Any CPU.ActiveCfg = Release|Any CPU
		{BBBF2CA9-8EC9-4995-A065-0C6C240CA4B8}.Release|Any CPU.Build.0 = Release|Any CPU
	EndGlobalSection
	GlobalSection(SolutionProperties) = preSolution
		HideSolutionNode = FALSE
	EndGlobalSection
	GlobalSection(ExtensibilityGlobals) = postSolution
		SolutionGuid = {B2F34F5D-851F-43A6-97E0-E77B96DCC432}
	EndGlobalSection
EndGlobal
